
Microsoft Visual Studio Solution File, Format Version 12.00
# Visual Studio Version 17
VisualStudioVersion = 17.9.34616.47
MinimumVisualStudioVersion = 10.0.40219.1
Project("{9A19103F-16F7-4668-BE54-9A1E7A4F7556}") = "Welcome", "Welcome.csproj", "{FA1EB0C4-8FD6-4D9F-8339-67EE26814EBE}"
EndProject
Project("{9A19103F-16F7-4668-BE54-9A1E7A4F7556}") = "WelcomeExtended", "..\WelcomeExtended\WelcomeExtended.csproj", "{A832F7E9-04A8-4404-89EB-32178E952210}"
EndProject
Project("{9A19103F-16F7-4668-BE54-9A1E7A4F7556}") = "DataLayer", "..\DataLayer\DataLayer.csproj", "{FC0D5251-33AA-4277-BEA0-C46CE205AA0D}"
EndProject
Project("{9A19103F-16F7-4668-BE54-9A1E7A4F7556}") = "UI", "..\UI\UI.csproj", "{37C157E6-25CC-43C1-9BEA-ACD6A0DA1D72}"
EndProject
Project("{9A19103F-16F7-4668-BE54-9A1E7A4F7556}") = "EasyMVVM", "..\EasyMVVM\EasyMVVM.csproj", "{4501E1BE-B463-49DC-8389-F6AF7038F82D}"
EndProject
Project("{FAE04EC0-301F-11D3-BF4B-00C04F79EFBC}") = "MinimalMVVM", "..\MinimalMVVM\MinimalMVVM.csproj", "{A71E07A6-F620-46E1-8C30-D6AE9552136A}"
EndProject
Global
	GlobalSection(SolutionConfigurationPlatforms) = preSolution
		Debug|Any CPU = Debug|Any CPU
		Release|Any CPU = Release|Any CPU
	EndGlobalSection
	GlobalSection(ProjectConfigurationPlatforms) = postSolution
		{FA1EB0C4-8FD6-4D9F-8339-67EE26814EBE}.Debug|Any CPU.ActiveCfg = Debug|Any CPU
		{FA1EB0C4-8FD6-4D9F-8339-67EE26814EBE}.Debug|Any CPU.Build.0 = Debug|Any CPU
		{FA1EB0C4-8FD6-4D9F-8339-67EE26814EBE}.Release|Any CPU.ActiveCfg = Release|Any CPU
		{FA1EB0C4-8FD6-4D9F-8339-67EE26814EBE}.Release|Any CPU.Build.0 = Release|Any CPU
		{A832F7E9-04A8-4404-89EB-32178E952210}.Debug|Any CPU.ActiveCfg = Debug|Any CPU
		{A832F7E9-04A8-4404-89EB-32178E952210}.Debug|Any CPU.Build.0 = Debug|Any CPU
		{A832F7E9-04A8-4404-89EB-32178E952210}.Release|Any CPU.ActiveCfg = Release|Any CPU
		{A832F7E9-04A8-4404-89EB-32178E952210}.Release|Any CPU.Build.0 = Release|Any CPU
		{FC0D5251-33AA-4277-BEA0-C46CE205AA0D}.Debug|Any CPU.ActiveCfg = Debug|Any CPU
		{FC0D5251-33AA-4277-BEA0-C46CE205AA0D}.Debug|Any CPU.Build.0 = Debug|Any CPU
		{FC0D5251-33AA-4277-BEA0-C46CE205AA0D}.Release|Any CPU.ActiveCfg = Release|Any CPU
		{FC0D5251-33AA-4277-BEA0-C46CE205AA0D}.Release|Any CPU.Build.0 = Release|Any CPU
		{37C157E6-25CC-43C1-9BEA-ACD6A0DA1D72}.Debug|Any CPU.ActiveCfg = Debug|Any CPU
		{37C157E6-25CC-43C1-9BEA-ACD6A0DA1D72}.Debug|Any CPU.Build.0 = Debug|Any CPU
		{37C157E6-25CC-43C1-9BEA-ACD6A0DA1D72}.Release|Any CPU.ActiveCfg = Release|Any CPU
		{37C157E6-25CC-43C1-9BEA-ACD6A0DA1D72}.Release|Any CPU.Build.0 = Release|Any CPU
		{4501E1BE-B463-49DC-8389-F6AF7038F82D}.Debug|Any CPU.ActiveCfg = Debug|Any CPU
		{4501E1BE-B463-49DC-8389-F6AF7038F82D}.Debug|Any CPU.Build.0 = Debug|Any CPU
		{4501E1BE-B463-49DC-8389-F6AF7038F82D}.Release|Any CPU.ActiveCfg = Release|Any CPU
		{4501E1BE-B463-49DC-8389-F6AF7038F82D}.Release|Any CPU.Build.0 = Release|Any CPU
		{A71E07A6-F620-46E1-8C30-D6AE9552136A}.Debug|Any CPU.ActiveCfg = Debug|Any CPU
		{A71E07A6-F620-46E1-8C30-D6AE9552136A}.Debug|Any CPU.Build.0 = Debug|Any CPU
		{A71E07A6-F620-46E1-8C30-D6AE9552136A}.Release|Any CPU.ActiveCfg = Release|Any CPU
		{A71E07A6-F620-46E1-8C30-D6AE9552136A}.Release|Any CPU.Build.0 = Release|Any CPU
	EndGlobalSection
	GlobalSection(SolutionProperties) = preSolution
		HideSolutionNode = FALSE
	EndGlobalSection
	GlobalSection(ExtensibilityGlobals) = postSolution
		SolutionGuid = {CCEF4BC7-1A56-4004-B1C9-7DEAA9FEAE7F}
	EndGlobalSection
EndGlobal
